
Microsoft Visual Studio Solution File, Format Version 12.00
# Visual Studio Version 16
VisualStudioVersion = 16.0.32106.194
MinimumVisualStudioVersion = 10.0.40219.1
Project("{9A19103F-16F7-4668-BE54-9A1E7A4F7556}") = "TweetAPI", "TweetAPI.csproj", "{AD774A73-1B78-49DD-8D52-57DC2ED6424B}"
EndProject
Project("{FAE04EC0-301F-11D3-BF4B-00C04F79EFBC}") = "TweetApiTests", "..\TweetApiTests\TweetApiTests.csproj", "{BBB74B41-056F-463A-A4A6-977EA46A57F2}"
EndProject
Global
	GlobalSection(SolutionConfigurationPlatforms) = preSolution
		Debug|Any CPU = Debug|Any CPU
		Release|Any CPU = Release|Any CPU
	EndGlobalSection
	GlobalSection(ProjectConfigurationPlatforms) = postSolution
		{AD774A73-1B78-49DD-8D52-57DC2ED6424B}.Debug|Any CPU.ActiveCfg = Debug|Any CPU
		{AD774A73-1B78-49DD-8D52-57DC2ED6424B}.Debug|Any CPU.Build.0 = Debug|Any CPU
		{AD774A73-1B78-49DD-8D52-57DC2ED6424B}.Release|Any CPU.ActiveCfg = Release|Any CPU
		{AD774A73-1B78-49DD-8D52-57DC2ED6424B}.Release|Any CPU.Build.0 = Release|Any CPU
		{BBB74B41-056F-463A-A4A6-977EA46A57F2}.Debug|Any CPU.ActiveCfg = Debug|Any CPU
		{BBB74B41-056F-463A-A4A6-977EA46A57F2}.Debug|Any CPU.Build.0 = Debug|Any CPU
		{BBB74B41-056F-463A-A4A6-977EA46A57F2}.Release|Any CPU.ActiveCfg = Release|Any CPU
		{BBB74B41-056F-463A-A4A6-977EA46A57F2}.Release|Any CPU.Build.0 = Release|Any CPU
	EndGlobalSection
	GlobalSection(SolutionProperties) = preSolution
		HideSolutionNode = FALSE
	EndGlobalSection
	GlobalSection(ExtensibilityGlobals) = postSolution
		SolutionGuid = {C0608D37-5326-4C6E-984A-65C304E1A31A}
	EndGlobalSection
EndGlobal
